# @generated by Move, please check-in and do not edit manually.

[move]
version = 0
manifest_digest = "281F53B6F122B508EADCA92F538519635D560AB827574AE2E2A796727C222DB0"
deps_digest = "G783HFSH8E7FHS86663887BFSDF82B8HHH30230HS88SDISINF9S709SEJR88323"

dependencies = [
  { name = "Sui" },
]

[[move.package]]
name = "MoveStdlib"
source = { git = "https://github.com/MystenLabs/sui.git", rev = "framework/devnet", subdir = "crates/sui-framework/packages/move-stdlib" }

[[move.package]]
name = "Sui"
source = { git = "https://github.com/MystenLabs/sui.git", rev = "framework/devnet", subdir = "crates/sui-framework/packages/sui-framework" }

dependencies = [
  { name = "MoveStdlib" },
]

[move.toolchain-version]
compiler-version = "1.22.0"
edition = "legacy"
flavor = "sui"
